
Microsoft Visual Studio Solution File, Format Version 11.00
# Visual Studio 2010
Project("{2150E333-8FDC-42A3-9474-1A3956D46DE8}") = "Solution Items", "Solution Items", "{CF8E9359-9AE9-46E8-B52E-E99B12663AEE}"
	ProjectSection(SolutionItems) = preProject
		ReadMe.txt = ReadMe.txt
	EndProjectSection
EndProject
Project("{2150E333-8FDC-42A3-9474-1A3956D46DE8}") = "Test", "Test", "{A4EE85F0-A2E1-4516-8B4E-F4BA7DA67968}"
EndProject
Project("{2150E333-8FDC-42A3-9474-1A3956D46DE8}") = "Source", "Source", "{58865F1A-F33E-419A-ABF0-871911E20D4C}"
EndProject
Project("{FAE04EC0-301F-11D3-BF4B-00C04F79EFBC}") = "Lokad.Cloud.Provisioning", "Source\Lokad.Cloud.Provisioning\Lokad.Cloud.Provisioning.csproj", "{B3CA9DCB-04DB-4442-AC0C-6E1F70854DA1}"
EndProject
Project("{FAE04EC0-301F-11D3-BF4B-00C04F79EFBC}") = "Lokad.Cloud.Provisioning.Test", "Test\Lokad.Cloud.Provisioning.Test\Lokad.Cloud.Provisioning.Test.csproj", "{93D4C481-3265-42F3-BF63-C06106AE016F}"
EndProject
Global
	GlobalSection(SolutionConfigurationPlatforms) = preSolution
		Debug|Any CPU = Debug|Any CPU
		Release|Any CPU = Release|Any CPU
		ReleaseApi|Any CPU = ReleaseApi|Any CPU
	EndGlobalSection
	GlobalSection(ProjectConfigurationPlatforms) = postSolution
		{B3CA9DCB-04DB-4442-AC0C-6E1F70854DA1}.Debug|Any CPU.ActiveCfg = Debug|Any CPU
		{B3CA9DCB-04DB-4442-AC0C-6E1F70854DA1}.Debug|Any CPU.Build.0 = Debug|Any CPU
		{B3CA9DCB-04DB-4442-AC0C-6E1F70854DA1}.Release|Any CPU.ActiveCfg = Release|Any CPU
		{B3CA9DCB-04DB-4442-AC0C-6E1F70854DA1}.Release|Any CPU.Build.0 = Release|Any CPU
		{B3CA9DCB-04DB-4442-AC0C-6E1F70854DA1}.ReleaseApi|Any CPU.ActiveCfg = Release|Any CPU
		{B3CA9DCB-04DB-4442-AC0C-6E1F70854DA1}.ReleaseApi|Any CPU.Build.0 = Release|Any CPU
		{93D4C481-3265-42F3-BF63-C06106AE016F}.Debug|Any CPU.ActiveCfg = Debug|Any CPU
		{93D4C481-3265-42F3-BF63-C06106AE016F}.Debug|Any CPU.Build.0 = Debug|Any CPU
		{93D4C481-3265-42F3-BF63-C06106AE016F}.Release|Any CPU.ActiveCfg = Release|Any CPU
		{93D4C481-3265-42F3-BF63-C06106AE016F}.Release|Any CPU.Build.0 = Release|Any CPU
		{93D4C481-3265-42F3-BF63-C06106AE016F}.ReleaseApi|Any CPU.ActiveCfg = Release|Any CPU
		{93D4C481-3265-42F3-BF63-C06106AE016F}.ReleaseApi|Any CPU.Build.0 = Release|Any CPU
	EndGlobalSection
	GlobalSection(SolutionProperties) = preSolution
		HideSolutionNode = FALSE
	EndGlobalSection
	GlobalSection(NestedProjects) = preSolution
		{93D4C481-3265-42F3-BF63-C06106AE016F} = {A4EE85F0-A2E1-4516-8B4E-F4BA7DA67968}
		{B3CA9DCB-04DB-4442-AC0C-6E1F70854DA1} = {58865F1A-F33E-419A-ABF0-871911E20D4C}
	EndGlobalSection
EndGlobal
